{
  "name": "nextjst-dashboard-tutorial",
  "lockfileVersion": 3,
  "requires": true,
  "packages": {
    "": {
      "dependencies": {
        "pnpm": "^9.14.4"
      }
    },
    "node_modules/pnpm": {
      "version": "9.14.4",
      "resolved": "https://registry.npmjs.org/pnpm/-/pnpm-9.14.4.tgz",
      "integrity": "sha512-yBgLP75OS8oCyUI0cXiWtVKXQKbLrfGfp4JUJwQD6i8n1OHUagig9WyJtj3I6/0+5TMm2nICc3lOYgD88NGEqw==",
      "license": "MIT",
      "bin": {
        "pnpm": "bin/pnpm.cjs",
        "pnpx": "bin/pnpx.cjs"
      },
      "engines": {
        "node": ">=18.12"
      },
      "funding": {
        "url": "https://opencollective.com/pnpm"
      }
    }
  }
}
